
Microsoft Visual Studio Solution File, Format Version 12.00
# Visual Studio Version 16
VisualStudioVersion = 16.0.29728.190
MinimumVisualStudioVersion = 10.0.40219.1
Project("{9A19103F-16F7-4668-BE54-9A1E7A4F7556}") = "Task1", "Task1.csproj", "{D819272A-740E-4281-BFD7-62CE3F859EC2}"
EndProject
Project("{FAE04EC0-301F-11D3-BF4B-00C04F79EFBC}") = "Common", "..\Common\Common.csproj", "{65A1BD2E-4682-4241-9387-D7DC31F9339D}"
EndProject
Project("{FAE04EC0-301F-11D3-BF4B-00C04F79EFBC}") = "Task3", "..\Task3\Task3.csproj", "{FA49836D-EF50-42BF-82B7-80626580F083}"
EndProject
Global
	GlobalSection(SolutionConfigurationPlatforms) = preSolution
		Debug|Any CPU = Debug|Any CPU
		Release|Any CPU = Release|Any CPU
	EndGlobalSection
	GlobalSection(ProjectConfigurationPlatforms) = postSolution
		{D819272A-740E-4281-BFD7-62CE3F859EC2}.Debug|Any CPU.ActiveCfg = Debug|Any CPU
		{D819272A-740E-4281-BFD7-62CE3F859EC2}.Debug|Any CPU.Build.0 = Debug|Any CPU
		{D819272A-740E-4281-BFD7-62CE3F859EC2}.Release|Any CPU.ActiveCfg = Release|Any CPU
		{D819272A-740E-4281-BFD7-62CE3F859EC2}.Release|Any CPU.Build.0 = Release|Any CPU
		{65A1BD2E-4682-4241-9387-D7DC31F9339D}.Debug|Any CPU.ActiveCfg = Debug|Any CPU
		{65A1BD2E-4682-4241-9387-D7DC31F9339D}.Debug|Any CPU.Build.0 = Debug|Any CPU
		{65A1BD2E-4682-4241-9387-D7DC31F9339D}.Release|Any CPU.ActiveCfg = Release|Any CPU
		{65A1BD2E-4682-4241-9387-D7DC31F9339D}.Release|Any CPU.Build.0 = Release|Any CPU
		{FA49836D-EF50-42BF-82B7-80626580F083}.Debug|Any CPU.ActiveCfg = Debug|Any CPU
		{FA49836D-EF50-42BF-82B7-80626580F083}.Debug|Any CPU.Build.0 = Debug|Any CPU
		{FA49836D-EF50-42BF-82B7-80626580F083}.Release|Any CPU.ActiveCfg = Release|Any CPU
		{FA49836D-EF50-42BF-82B7-80626580F083}.Release|Any CPU.Build.0 = Release|Any CPU
	EndGlobalSection
	GlobalSection(SolutionProperties) = preSolution
		HideSolutionNode = FALSE
	EndGlobalSection
	GlobalSection(ExtensibilityGlobals) = postSolution
		SolutionGuid = {B8B897B9-18DE-4AD2-A111-61816688670E}
	EndGlobalSection
EndGlobal
